Microsoft Visual Studio Solution File, Format Version 8.00
Project("{8BC9CEB8-8B4A-11D0-8D11-00A0C91BC942}") = "umf_demo", "umf_demo.vcproj", "{18E847D6-5BA4-4C45-B5AC-AC62BE89FFEF}"
	ProjectSection(ProjectDependencies) = postProject
	EndProjectSection
EndProject
Global
	GlobalSection(SolutionConfiguration) = preSolution
		Debug = Debug
		Release = Release
	EndGlobalSection
	GlobalSection(ProjectConfiguration) = postSolution
		{18E847D6-5BA4-4C45-B5AC-AC62BE89FFEF}.Debug.ActiveCfg = Debug|Win32
		{18E847D6-5BA4-4C45-B5AC-AC62BE89FFEF}.Debug.Build.0 = Debug|Win32
		{18E847D6-5BA4-4C45-B5AC-AC62BE89FFEF}.Release.ActiveCfg = Release|Win32
		{18E847D6-5BA4-4C45-B5AC-AC62BE89FFEF}.Release.Build.0 = Release|Win32
	EndGlobalSection
	GlobalSection(ExtensibilityGlobals) = postSolution
	EndGlobalSection
	GlobalSection(ExtensibilityAddIns) = postSolution
	EndGlobalSection
EndGlobal
